
Microsoft Visual Studio Solution File, Format Version 12.00
# Visual Studio Version 16
VisualStudioVersion = 16.0.30413.136
MinimumVisualStudioVersion = 10.0.40219.1
Project("{8BC9CEB8-8B4A-11D0-8D11-00A0C91BC942}") = "(week7)SumMatrix", "(week7)SumMatrix\(week7)SumMatrix.vcxproj", "{3B458DD5-F01F-42E2-BFB7-07A9247D5620}"
EndProject
Global
	GlobalSection(SolutionConfigurationPlatforms) = preSolution
		Debug|x64 = Debug|x64
		Debug|x86 = Debug|x86
		Release|x64 = Release|x64
		Release|x86 = Release|x86
	EndGlobalSection
	GlobalSection(ProjectConfigurationPlatforms) = postSolution
		{3B458DD5-F01F-42E2-BFB7-07A9247D5620}.Debug|x64.ActiveCfg = Debug|x64
		{3B458DD5-F01F-42E2-BFB7-07A9247D5620}.Debug|x64.Build.0 = Debug|x64
		{3B458DD5-F01F-42E2-BFB7-07A9247D5620}.Debug|x86.ActiveCfg = Debug|Win32
		{3B458DD5-F01F-42E2-BFB7-07A9247D5620}.Debug|x86.Build.0 = Debug|Win32
		{3B458DD5-F01F-42E2-BFB7-07A9247D5620}.Release|x64.ActiveCfg = Release|x64
		{3B458DD5-F01F-42E2-BFB7-07A9247D5620}.Release|x64.Build.0 = Release|x64
		{3B458DD5-F01F-42E2-BFB7-07A9247D5620}.Release|x86.ActiveCfg = Release|Win32
		{3B458DD5-F01F-42E2-BFB7-07A9247D5620}.Release|x86.Build.0 = Release|Win32
	EndGlobalSection
	GlobalSection(SolutionProperties) = preSolution
		HideSolutionNode = FALSE
	EndGlobalSection
	GlobalSection(ExtensibilityGlobals) = postSolution
		SolutionGuid = {79828F88-3E91-40CA-BF15-73FBAE14246B}
	EndGlobalSection
EndGlobal
